
Microsoft Visual Studio Solution File, Format Version 12.00
# Visual Studio Version 16
VisualStudioVersion = 16.0.809.10
MinimumVisualStudioVersion = 10.0.40219.1
Project("{FAE04EC0-301F-11D3-BF4B-00C04F79EFBC}") = "PickRandomCards", "PickRandomCards\PickRandomCards.csproj", "{501FC419-57F7-4FE5-8539-126B7A84AF8A}"
EndProject
Global
	GlobalSection(SolutionConfigurationPlatforms) = preSolution
		Debug|Any CPU = Debug|Any CPU
		Release|Any CPU = Release|Any CPU
	EndGlobalSection
	GlobalSection(ProjectConfigurationPlatforms) = postSolution
		{501FC419-57F7-4FE5-8539-126B7A84AF8A}.Debug|Any CPU.ActiveCfg = Debug|Any CPU
		{501FC419-57F7-4FE5-8539-126B7A84AF8A}.Debug|Any CPU.Build.0 = Debug|Any CPU
		{501FC419-57F7-4FE5-8539-126B7A84AF8A}.Release|Any CPU.ActiveCfg = Release|Any CPU
		{501FC419-57F7-4FE5-8539-126B7A84AF8A}.Release|Any CPU.Build.0 = Release|Any CPU
	EndGlobalSection
	GlobalSection(SolutionProperties) = preSolution
		HideSolutionNode = FALSE
	EndGlobalSection
	GlobalSection(ExtensibilityGlobals) = postSolution
		SolutionGuid = {ED0AD805-B85E-4F82-BFC9-47BAF57BE286}
	EndGlobalSection
EndGlobal
